{
  "name": "vue-to-do",
  "version": "1.0.0",
  "lockfileVersion": 1,
  "requires": true,
  "dependencies": {
    "sortablejs": {
      "version": "1.6.1",
      "resolved": "https://registry.npmjs.org/sortablejs/-/sortablejs-1.6.1.tgz",
      "integrity": "sha1-0SDRA/u59gx9sngUoThAcubG4IM="
    },
    "vuedraggable": {
      "version": "2.14.1",
      "resolved": "https://registry.npmjs.org/vuedraggable/-/vuedraggable-2.14.1.tgz",
      "integrity": "sha1-A04eBS4luTiEKa6W25628sOxDYc=",
      "requires": {
        "sortablejs": "1.6.1"
      }
    }
  }
}
